
Microsoft Visual Studio Solution File, Format Version 12.00
# Visual Studio 14
VisualStudioVersion = 14.0.25420.1
MinimumVisualStudioVersion = 10.0.40219.1
Project("{FAE04EC0-301F-11D3-BF4B-00C04F79EFBC}") = "AppSqlLite", "AppSqlLite\AppSqlLite\AppSqlLite.csproj", "{8329EA57-6172-469C-87A6-C3129582BF82}"
EndProject
Project("{FAE04EC0-301F-11D3-BF4B-00C04F79EFBC}") = "AppSqlLite.Droid", "AppSqlLite\AppSqlLite.Droid\AppSqlLite.Droid.csproj", "{F878C016-3090-431B-A8E4-E84B485A732A}"
EndProject
Project("{FAE04EC0-301F-11D3-BF4B-00C04F79EFBC}") = "AppSqlLite.iOS", "AppSqlLite\AppSqlLite.iOS\AppSqlLite.iOS.csproj", "{842327D9-D9B4-48FB-BEF1-9690C3D71770}"
EndProject
Global
	GlobalSection(SolutionConfigurationPlatforms) = preSolution
		Ad-Hoc|Any CPU = Ad-Hoc|Any CPU
		Ad-Hoc|iPhone = Ad-Hoc|iPhone
		Ad-Hoc|iPhoneSimulator = Ad-Hoc|iPhoneSimulator
		AppStore|Any CPU = AppStore|Any CPU
		AppStore|iPhone = AppStore|iPhone
		AppStore|iPhoneSimulator = AppStore|iPhoneSimulator
		Debug|Any CPU = Debug|Any CPU
		Debug|iPhone = Debug|iPhone
		Debug|iPhoneSimulator = Debug|iPhoneSimulator
		Release|Any CPU = Release|Any CPU
		Release|iPhone = Release|iPhone
		Release|iPhoneSimulator = Release|iPhoneSimulator
	EndGlobalSection
	GlobalSection(ProjectConfigurationPlatforms) = postSolution
		{8329EA57-6172-469C-87A6-C3129582BF82}.Ad-Hoc|Any CPU.ActiveCfg = Release|Any CPU
		{8329EA57-6172-469C-87A6-C3129582BF82}.Ad-Hoc|Any CPU.Build.0 = Release|Any CPU
		{8329EA57-6172-469C-87A6-C3129582BF82}.Ad-Hoc|iPhone.ActiveCfg = Release|Any CPU
		{8329EA57-6172-469C-87A6-C3129582BF82}.Ad-Hoc|iPhone.Build.0 = Release|Any CPU
		{8329EA57-6172-469C-87A6-C3129582BF82}.Ad-Hoc|iPhoneSimulator.ActiveCfg = Release|Any CPU
		{8329EA57-6172-469C-87A6-C3129582BF82}.Ad-Hoc|iPhoneSimulator.Build.0 = Release|Any CPU
		{8329EA57-6172-469C-87A6-C3129582BF82}.AppStore|Any CPU.ActiveCfg = Release|Any CPU
		{8329EA57-6172-469C-87A6-C3129582BF82}.AppStore|Any CPU.Build.0 = Release|Any CPU
		{8329EA57-6172-469C-87A6-C3129582BF82}.AppStore|iPhone.ActiveCfg = Release|Any CPU
		{8329EA57-6172-469C-87A6-C3129582BF82}.AppStore|iPhone.Build.0 = Release|Any CPU
		{8329EA57-6172-469C-87A6-C3129582BF82}.AppStore|iPhoneSimulator.ActiveCfg = Release|Any CPU
		{8329EA57-6172-469C-87A6-C3129582BF82}.AppStore|iPhoneSimulator.Build.0 = Release|Any CPU
		{8329EA57-6172-469C-87A6-C3129582BF82}.Debug|Any CPU.ActiveCfg = Debug|Any CPU
		{8329EA57-6172-469C-87A6-C3129582BF82}.Debug|Any CPU.Build.0 = Debug|Any CPU
		{8329EA57-6172-469C-87A6-C3129582BF82}.Debug|iPhone.ActiveCfg = Debug|Any CPU
		{8329EA57-6172-469C-87A6-C3129582BF82}.Debug|iPhone.Build.0 = Debug|Any CPU
		{8329EA57-6172-469C-87A6-C3129582BF82}.Debug|iPhoneSimulator.ActiveCfg = Debug|Any CPU
		{8329EA57-6172-469C-87A6-C3129582BF82}.Debug|iPhoneSimulator.Build.0 = Debug|Any CPU
		{8329EA57-6172-469C-87A6-C3129582BF82}.Release|Any CPU.ActiveCfg = Release|Any CPU
		{8329EA57-6172-469C-87A6-C3129582BF82}.Release|Any CPU.Build.0 = Release|Any CPU
		{8329EA57-6172-469C-87A6-C3129582BF82}.Release|iPhone.ActiveCfg = Release|Any CPU
		{8329EA57-6172-469C-87A6-C3129582BF82}.Release|iPhone.Build.0 = Release|Any CPU
		{8329EA57-6172-469C-87A6-C3129582BF82}.Release|iPhoneSimulator.ActiveCfg = Release|Any CPU
		{8329EA57-6172-469C-87A6-C3129582BF82}.Release|iPhoneSimulator.Build.0 = Release|Any CPU
		{F878C016-3090-431B-A8E4-E84B485A732A}.Ad-Hoc|Any CPU.ActiveCfg = Release|Any CPU
		{F878C016-3090-431B-A8E4-E84B485A732A}.Ad-Hoc|Any CPU.Build.0 = Release|Any CPU
		{F878C016-3090-431B-A8E4-E84B485A732A}.Ad-Hoc|Any CPU.Deploy.0 = Release|Any CPU
		{F878C016-3090-431B-A8E4-E84B485A732A}.Ad-Hoc|iPhone.ActiveCfg = Release|Any CPU
		{F878C016-3090-431B-A8E4-E84B485A732A}.Ad-Hoc|iPhone.Build.0 = Release|Any CPU
		{F878C016-3090-431B-A8E4-E84B485A732A}.Ad-Hoc|iPhone.Deploy.0 = Release|Any CPU
		{F878C016-3090-431B-A8E4-E84B485A732A}.Ad-Hoc|iPhoneSimulator.ActiveCfg = Release|Any CPU
		{F878C016-3090-431B-A8E4-E84B485A732A}.Ad-Hoc|iPhoneSimulator.Build.0 = Release|Any CPU
		{F878C016-3090-431B-A8E4-E84B485A732A}.Ad-Hoc|iPhoneSimulator.Deploy.0 = Release|Any CPU
		{F878C016-3090-431B-A8E4-E84B485A732A}.AppStore|Any CPU.ActiveCfg = Release|Any CPU
		{F878C016-3090-431B-A8E4-E84B485A732A}.AppStore|Any CPU.Build.0 = Release|Any CPU
		{F878C016-3090-431B-A8E4-E84B485A732A}.AppStore|Any CPU.Deploy.0 = Release|Any CPU
		{F878C016-3090-431B-A8E4-E84B485A732A}.AppStore|iPhone.ActiveCfg = Release|Any CPU
		{F878C016-3090-431B-A8E4-E84B485A732A}.AppStore|iPhone.Build.0 = Release|Any CPU
		{F878C016-3090-431B-A8E4-E84B485A732A}.AppStore|iPhone.Deploy.0 = Release|Any CPU
		{F878C016-3090-431B-A8E4-E84B485A732A}.AppStore|iPhoneSimulator.ActiveCfg = Release|Any CPU
		{F878C016-3090-431B-A8E4-E84B485A732A}.AppStore|iPhoneSimulator.Build.0 = Release|Any CPU
		{F878C016-3090-431B-A8E4-E84B485A732A}.AppStore|iPhoneSimulator.Deploy.0 = Release|Any CPU
		{F878C016-3090-431B-A8E4-E84B485A732A}.Debug|Any CPU.ActiveCfg = Debug|Any CPU
		{F878C016-3090-431B-A8E4-E84B485A732A}.Debug|Any CPU.Build.0 = Debug|Any CPU
		{F878C016-3090-431B-A8E4-E84B485A732A}.Debug|Any CPU.Deploy.0 = Debug|Any CPU
		{F878C016-3090-431B-A8E4-E84B485A732A}.Debug|iPhone.ActiveCfg = Debug|Any CPU
		{F878C016-3090-431B-A8E4-E84B485A732A}.Debug|iPhone.Build.0 = Debug|Any CPU
		{F878C016-3090-431B-A8E4-E84B485A732A}.Debug|iPhone.Deploy.0 = Debug|Any CPU
		{F878C016-3090-431B-A8E4-E84B485A732A}.Debug|iPhoneSimulator.ActiveCfg = Debug|Any CPU
		{F878C016-3090-431B-A8E4-E84B485A732A}.Debug|iPhoneSimulator.Build.0 = Debug|Any CPU
		{F878C016-3090-431B-A8E4-E84B485A732A}.Debug|iPhoneSimulator.Deploy.0 = Debug|Any CPU
		{F878C016-3090-431B-A8E4-E84B485A732A}.Release|Any CPU.ActiveCfg = Release|Any CPU
		{F878C016-3090-431B-A8E4-E84B485A732A}.Release|Any CPU.Build.0 = Release|Any CPU
		{F878C016-3090-431B-A8E4-E84B485A732A}.Release|Any CPU.Deploy.0 = Release|Any CPU
		{F878C016-3090-431B-A8E4-E84B485A732A}.Release|iPhone.ActiveCfg = Release|Any CPU
		{F878C016-3090-431B-A8E4-E84B485A732A}.Release|iPhone.Build.0 = Release|Any CPU
		{F878C016-3090-431B-A8E4-E84B485A732A}.Release|iPhone.Deploy.0 = Release|Any CPU
		{F878C016-3090-431B-A8E4-E84B485A732A}.Release|iPhoneSimulator.ActiveCfg = Release|Any CPU
		{F878C016-3090-431B-A8E4-E84B485A732A}.Release|iPhoneSimulator.Build.0 = Release|Any CPU
		{F878C016-3090-431B-A8E4-E84B485A732A}.Release|iPhoneSimulator.Deploy.0 = Release|Any CPU
		{842327D9-D9B4-48FB-BEF1-9690C3D71770}.Ad-Hoc|Any CPU.ActiveCfg = Ad-Hoc|iPhone
		{842327D9-D9B4-48FB-BEF1-9690C3D71770}.Ad-Hoc|iPhone.ActiveCfg = Ad-Hoc|iPhone
		{842327D9-D9B4-48FB-BEF1-9690C3D71770}.Ad-Hoc|iPhone.Build.0 = Ad-Hoc|iPhone
		{842327D9-D9B4-48FB-BEF1-9690C3D71770}.Ad-Hoc|iPhoneSimulator.ActiveCfg = Ad-Hoc|iPhoneSimulator
		{842327D9-D9B4-48FB-BEF1-9690C3D71770}.Ad-Hoc|iPhoneSimulator.Build.0 = Ad-Hoc|iPhoneSimulator
		{842327D9-D9B4-48FB-BEF1-9690C3D71770}.AppStore|Any CPU.ActiveCfg = AppStore|iPhone
		{842327D9-D9B4-48FB-BEF1-9690C3D71770}.AppStore|iPhone.ActiveCfg = AppStore|iPhone
		{842327D9-D9B4-48FB-BEF1-9690C3D71770}.AppStore|iPhone.Build.0 = AppStore|iPhone
		{842327D9-D9B4-48FB-BEF1-9690C3D71770}.AppStore|iPhoneSimulator.ActiveCfg = AppStore|iPhoneSimulator
		{842327D9-D9B4-48FB-BEF1-9690C3D71770}.AppStore|iPhoneSimulator.Build.0 = AppStore|iPhoneSimulator
		{842327D9-D9B4-48FB-BEF1-9690C3D71770}.Debug|Any CPU.ActiveCfg = Debug|iPhone
		{842327D9-D9B4-48FB-BEF1-9690C3D71770}.Debug|iPhone.ActiveCfg = Debug|iPhone
		{842327D9-D9B4-48FB-BEF1-9690C3D71770}.Debug|iPhone.Build.0 = Debug|iPhone
		{842327D9-D9B4-48FB-BEF1-9690C3D71770}.Debug|iPhoneSimulator.ActiveCfg = Debug|iPhoneSimulator
		{842327D9-D9B4-48FB-BEF1-9690C3D71770}.Debug|iPhoneSimulator.Build.0 = Debug|iPhoneSimulator
		{842327D9-D9B4-48FB-BEF1-9690C3D71770}.Release|Any CPU.ActiveCfg = Release|iPhone
		{842327D9-D9B4-48FB-BEF1-9690C3D71770}.Release|iPhone.ActiveCfg = Release|iPhone
		{842327D9-D9B4-48FB-BEF1-9690C3D71770}.Release|iPhone.Build.0 = Release|iPhone
		{842327D9-D9B4-48FB-BEF1-9690C3D71770}.Release|iPhoneSimulator.ActiveCfg = Release|iPhoneSimulator
		{842327D9-D9B4-48FB-BEF1-9690C3D71770}.Release|iPhoneSimulator.Build.0 = Release|iPhoneSimulator
	EndGlobalSection
	GlobalSection(SolutionProperties) = preSolution
		HideSolutionNode = FALSE
	EndGlobalSection
EndGlobal
